// !$*UTF8*$!
{
	archiveVersion = 1;
	classes = {
	};
	objectVersion = 46;
	objects = {

/* Begin PBXBuildFile section */
		57ED483C1E9B9B9A00B4D097 /* AppDelegate.swift in Sources */ = {isa = PBXBuildFile; fileRef = 57ED483B1E9B9B9A00B4D097 /* AppDelegate.swift */; };
		57ED483E1E9B9B9A00B4D097 /* AddToDoViewController.swift in Sources */ = {isa = PBXBuildFile; fileRef = 57ED483D1E9B9B9A00B4D097 /* AddToDoViewController.swift */; };
		57ED48411E9B9B9A00B4D097 /* Main.storyboard in Resources */ = {isa = PBXBuildFile; fileRef = 57ED483F1E9B9B9A00B4D097 /* Main.storyboard */; };
		57ED48431E9B9B9A00B4D097 /* Assets.xcassets in Resources */ = {isa = PBXBuildFile; fileRef = 57ED48421E9B9B9A00B4D097 /* Assets.xcassets */; };
		57ED48461E9B9B9A00B4D097 /* LaunchScreen.storyboard in Resources */ = {isa = PBXBuildFile; fileRef = 57ED48441E9B9B9A00B4D097 /* LaunchScreen.storyboard */; };
		57ED48521E9B9C3F00B4D097 /* WeTextField.swift in Sources */ = {isa = PBXBuildFile; fileRef = 57ED484D1E9B9C3F00B4D097 /* WeTextField.swift */; };
		57ED48531E9B9C3F00B4D097 /* WeFonts.swift in Sources */ = {isa = PBXBuildFile; fileRef = 57ED484E1E9B9C3F00B4D097 /* WeFonts.swift */; };
		57ED48541E9B9C3F00B4D097 /* WeColors.swift in Sources */ = {isa = PBXBuildFile; fileRef = 57ED484F1E9B9C3F00B4D097 /* WeColors.swift */; };
		57ED48551E9B9C3F00B4D097 /* WeColorButton.swift in Sources */ = {isa = PBXBuildFile; fileRef = 57ED48501E9B9C3F00B4D097 /* WeColorButton.swift */; };
		57ED48561E9B9C3F00B4D097 /* WeIcons.swift in Sources */ = {isa = PBXBuildFile; fileRef = 57ED48511E9B9C3F00B4D097 /* WeIcons.swift */; };
		57ED485E1E9B9C5800B4D097 /* rene_bieder_galano_grotesque_bold.otf in Resources */ = {isa = PBXBuildFile; fileRef = 57ED48591E9B9C5800B4D097 /* rene_bieder_galano_grotesque_bold.otf */; };
		57ED485F1E9B9C5800B4D097 /* rene_bieder_galano_grotesque_medium.otf in Resources */ = {isa = PBXBuildFile; fileRef = 57ED485A1E9B9C5800B4D097 /* rene_bieder_galano_grotesque_medium.otf */; };
		57ED48601E9B9C5800B4D097 /* rene_bieder_galano_grotesque_semibold.otf in Resources */ = {isa = PBXBuildFile; fileRef = 57ED485B1E9B9C5800B4D097 /* rene_bieder_galano_grotesque_semibold.otf */; };
		57ED48611E9B9C5800B4D097 /* loop_icons_12px.ttf in Resources */ = {isa = PBXBuildFile; fileRef = 57ED485C1E9B9C5800B4D097 /* loop_icons_12px.ttf */; };
		57ED48621E9B9C5800B4D097 /* loop_icons_16px.ttf in Resources */ = {isa = PBXBuildFile; fileRef = 57ED485D1E9B9C5800B4D097 /* loop_icons_16px.ttf */; };
		57ED48651E9BB72600B4D097 /* SpanButton.swift in Sources */ = {isa = PBXBuildFile; fileRef = 57ED48641E9BB72600B4D097 /* SpanButton.swift */; };
		57ED48671E9BBD2A00B4D097 /* ToDoListViewController.swift in Sources */ = {isa = PBXBuildFile; fileRef = 57ED48661E9BBD2A00B4D097 /* ToDoListViewController.swift */; };
		EB413E91C94121E4F105E9CF /* Pods_Boilerplate_data.framework in Frameworks */ = {isa = PBXBuildFile; fileRef = 33A7F8ED0D92D575857F64F5 /* Pods_Boilerplate_data.framework */; };
/* End PBXBuildFile section */

/* Begin PBXFileReference section */
		33A7F8ED0D92D575857F64F5 /* Pods_Boilerplate_data.framework */ = {isa = PBXFileReference; explicitFileType = wrapper.framework; includeInIndex = 0; path = Pods_Boilerplate_data.framework; sourceTree = BUILT_PRODUCTS_DIR; };
		57ED48381E9B9B9A00B4D097 /* Boilerplate-data.app */ = {isa = PBXFileReference; explicitFileType = wrapper.application; includeInIndex = 0; path = "Boilerplate-data.app"; sourceTree = BUILT_PRODUCTS_DIR; };
		57ED483B1E9B9B9A00B4D097 /* AppDelegate.swift */ = {isa = PBXFileReference; lastKnownFileType = sourcecode.swift; path = AppDelegate.swift; sourceTree = "<group>"; };
		57ED483D1E9B9B9A00B4D097 /* AddToDoViewController.swift */ = {isa = PBXFileReference; lastKnownFileType = sourcecode.swift; path = AddToDoViewController.swift; sourceTree = "<group>"; };
		57ED48401E9B9B9A00B4D097 /* Base */ = {isa = PBXFileReference; lastKnownFileType = file.storyboard; name = Base; path = Base.lproj/Main.storyboard; sourceTree = "<group>"; };
		57ED48421E9B9B9A00B4D097 /* Assets.xcassets */ = {isa = PBXFileReference; lastKnownFileType = folder.assetcatalog; path = Assets.xcassets; sourceTree = "<group>"; };
		57ED48451E9B9B9A00B4D097 /* Base */ = {isa = PBXFileReference; lastKnownFileType = file.storyboard; name = Base; path = Base.lproj/LaunchScreen.storyboard; sourceTree = "<group>"; };
		57ED48471E9B9B9A00B4D097 /* Info.plist */ = {isa = PBXFileReference; lastKnownFileType = text.plist.xml; path = Info.plist; sourceTree = "<group>"; };
		57ED484D1E9B9C3F00B4D097 /* WeTextField.swift */ = {isa = PBXFileReference; fileEncoding = 4; lastKnownFileType = sourcecode.swift; path = WeTextField.swift; sourceTree = "<group>"; };
		57ED484E1E9B9C3F00B4D097 /* WeFonts.swift */ = {isa = PBXFileReference; fileEncoding = 4; lastKnownFileType = sourcecode.swift; path = WeFonts.swift; sourceTree = "<group>"; };
		57ED484F1E9B9C3F00B4D097 /* WeColors.swift */ = {isa = PBXFileReference; fileEncoding = 4; lastKnownFileType = sourcecode.swift; path = WeColors.swift; sourceTree = "<group>"; };
		57ED48501E9B9C3F00B4D097 /* WeColorButton.swift */ = {isa = PBXFileReference; fileEncoding = 4; lastKnownFileType = sourcecode.swift; path = WeColorButton.swift; sourceTree = "<group>"; };
		57ED48511E9B9C3F00B4D097 /* WeIcons.swift */ = {isa = PBXFileReference; fileEncoding = 4; lastKnownFileType = sourcecode.swift; path = WeIcons.swift; sourceTree = "<group>"; };
		57ED48591E9B9C5800B4D097 /* rene_bieder_galano_grotesque_bold.otf */ = {isa = PBXFileReference; lastKnownFileType = file; path = rene_bieder_galano_grotesque_bold.otf; sourceTree = "<group>"; };
		57ED485A1E9B9C5800B4D097 /* rene_bieder_galano_grotesque_medium.otf */ = {isa = PBXFileReference; lastKnownFileType = file; path = rene_bieder_galano_grotesque_medium.otf; sourceTree = "<group>"; };
		57ED485B1E9B9C5800B4D097 /* rene_bieder_galano_grotesque_semibold.otf */ = {isa = PBXFileReference; lastKnownFileType = file; path = rene_bieder_galano_grotesque_semibold.otf; sourceTree = "<group>"; };
		57ED485C1E9B9C5800B4D097 /* loop_icons_12px.ttf */ = {isa = PBXFileReference; lastKnownFileType = file; path = loop_icons_12px.ttf; sourceTree = "<group>"; };
		57ED485D1E9B9C5800B4D097 /* loop_icons_16px.ttf */ = {isa = PBXFileReference; lastKnownFileType = file; path = loop_icons_16px.ttf; sourceTree = "<group>"; };
		57ED48641E9BB72600B4D097 /* SpanButton.swift */ = {isa = PBXFileReference; fileEncoding = 4; lastKnownFileType = sourcecode.swift; path = SpanButton.swift; sourceTree = "<group>"; };
		57ED48661E9BBD2A00B4D097 /* ToDoListViewController.swift */ = {isa = PBXFileReference; fileEncoding = 4; lastKnownFileType = sourcecode.swift; path = ToDoListViewController.swift; sourceTree = "<group>"; };
		9D2C6E29BDF8F77B8ED1D287 /* Pods-Boilerplate-data.release.xcconfig */ = {isa = PBXFileReference; includeInIndex = 1; lastKnownFileType = text.xcconfig; name = "Pods-Boilerplate-data.release.xcconfig"; path = "Pods/Target Support Files/Pods-Boilerplate-data/Pods-Boilerplate-data.release.xcconfig"; sourceTree = "<group>"; };
		CD8DFC1E3B275F0CB8DE8113 /* Pods-Boilerplate-data.debug.xcconfig */ = {isa = PBXFileReference; includeInIndex = 1; lastKnownFileType = text.xcconfig; name = "Pods-Boilerplate-data.debug.xcconfig"; path = "Pods/Target Support Files/Pods-Boilerplate-data/Pods-Boilerplate-data.debug.xcconfig"; sourceTree = "<group>"; };
/* End PBXFileReference section */

/* Begin PBXFrameworksBuildPhase section */
		57ED48351E9B9B9A00B4D097 /* Frameworks */ = {
			isa = PBXFrameworksBuildPhase;
			buildActionMask = 2147483647;
			files = (
				EB413E91C94121E4F105E9CF /* Pods_Boilerplate_data.framework in Frameworks */,
			);
			runOnlyForDeploymentPostprocessing = 0;
		};
/* End PBXFrameworksBuildPhase section */

/* Begin PBXGroup section */
		3422612F1F1E2C59D2DF4D8C /* Frameworks */ = {
			isa = PBXGroup;
			children = (
				33A7F8ED0D92D575857F64F5 /* Pods_Boilerplate_data.framework */,
			);
			name = Frameworks;
			sourceTree = "<group>";
		};
		3D3A14A98F971F47F5276CF8 /* Pods */ = {
			isa = PBXGroup;
			children = (
				CD8DFC1E3B275F0CB8DE8113 /* Pods-Boilerplate-data.debug.xcconfig */,
				9D2C6E29BDF8F77B8ED1D287 /* Pods-Boilerplate-data.release.xcconfig */,
			);
			name = Pods;
			sourceTree = "<group>";
		};
		57ED482F1E9B9B9A00B4D097 = {
			isa = PBXGroup;
			children = (
				57ED483A1E9B9B9A00B4D097 /* Boilerplate-data */,
				57ED48391E9B9B9A00B4D097 /* Products */,
				3D3A14A98F971F47F5276CF8 /* Pods */,
				3422612F1F1E2C59D2DF4D8C /* Frameworks */,
			);
			sourceTree = "<group>";
		};
		57ED48391E9B9B9A00B4D097 /* Products */ = {
			isa = PBXGroup;
			children = (
				57ED48381E9B9B9A00B4D097 /* Boilerplate-data.app */,
			);
			name = Products;
			sourceTree = "<group>";
		};
		57ED483A1E9B9B9A00B4D097 /* Boilerplate-data */ = {
			isa = PBXGroup;
			children = (
				57ED48631E9B9CD600B4D097 /* Views */,
				57ED48571E9B9C5800B4D097 /* Resources */,
				57ED483B1E9B9B9A00B4D097 /* AppDelegate.swift */,
				57ED483D1E9B9B9A00B4D097 /* AddToDoViewController.swift */,
				57ED48661E9BBD2A00B4D097 /* ToDoListViewController.swift */,
				57ED483F1E9B9B9A00B4D097 /* Main.storyboard */,
				57ED48421E9B9B9A00B4D097 /* Assets.xcassets */,
				57ED48441E9B9B9A00B4D097 /* LaunchScreen.storyboard */,
				57ED48471E9B9B9A00B4D097 /* Info.plist */,
			);
			path = "Boilerplate-data";
			sourceTree = "<group>";
		};
		57ED48571E9B9C5800B4D097 /* Resources */ = {
			isa = PBXGroup;
			children = (
				57ED48581E9B9C5800B4D097 /* Fonts */,
				57ED485C1E9B9C5800B4D097 /* loop_icons_12px.ttf */,
				57ED485D1E9B9C5800B4D097 /* loop_icons_16px.ttf */,
			);
			path = Resources;
			sourceTree = "<group>";
		};
		57ED48581E9B9C5800B4D097 /* Fonts */ = {
			isa = PBXGroup;
			children = (
				57ED48591E9B9C5800B4D097 /* rene_bieder_galano_grotesque_bold.otf */,
				57ED485A1E9B9C5800B4D097 /* rene_bieder_galano_grotesque_medium.otf */,
				57ED485B1E9B9C5800B4D097 /* rene_bieder_galano_grotesque_semibold.otf */,
			);
			path = Fonts;
			sourceTree = "<group>";
		};
		57ED48631E9B9CD600B4D097 /* Views */ = {
			isa = PBXGroup;
			children = (
				57ED484D1E9B9C3F00B4D097 /* WeTextField.swift */,
				57ED484E1E9B9C3F00B4D097 /* WeFonts.swift */,
				57ED484F1E9B9C3F00B4D097 /* WeColors.swift */,
				57ED48501E9B9C3F00B4D097 /* WeColorButton.swift */,
				57ED48641E9BB72600B4D097 /* SpanButton.swift */,
				57ED48511E9B9C3F00B4D097 /* WeIcons.swift */,
			);
			name = Views;
			sourceTree = "<group>";
		};
/* End PBXGroup section */

/* Begin PBXNativeTarget section */
		57ED48371E9B9B9A00B4D097 /* Boilerplate-data */ = {
			isa = PBXNativeTarget;
			buildConfigurationList = 57ED484A1E9B9B9A00B4D097 /* Build configuration list for PBXNativeTarget "Boilerplate-data" */;
			buildPhases = (
				AFB9C2F8DD2CEB500CE0E17B /* [CP] Check Pods Manifest.lock */,
				57ED48341E9B9B9A00B4D097 /* Sources */,
				57ED48351E9B9B9A00B4D097 /* Frameworks */,
				57ED48361E9B9B9A00B4D097 /* Resources */,
				4A6C70ED20065C4725E7034D /* [CP] Embed Pods Frameworks */,
				D5A53FBC0E7C93B2C27B7649 /* [CP] Copy Pods Resources */,
			);
			buildRules = (
			);
			dependencies = (
			);
			name = "Boilerplate-data";
			productName = "Boilerplate-data";
			productReference = 57ED48381E9B9B9A00B4D097 /* Boilerplate-data.app */;
			productType = "com.apple.product-type.application";
		};
/* End PBXNativeTarget section */

/* Begin PBXProject section */
		57ED48301E9B9B9A00B4D097 /* Project object */ = {
			isa = PBXProject;
			attributes = {
				LastSwiftUpdateCheck = 0830;
				LastUpgradeCheck = 0830;
				ORGANIZATIONNAME = liferay;
				TargetAttributes = {
					57ED48371E9B9B9A00B4D097 = {
						CreatedOnToolsVersion = 8.3.1;
						ProvisioningStyle = Automatic;
					};
				};
			};
			buildConfigurationList = 57ED48331E9B9B9A00B4D097 /* Build configuration list for PBXProject "Boilerplate-data" */;
			compatibilityVersion = "Xcode 3.2";
			developmentRegion = English;
			hasScannedForEncodings = 0;
			knownRegions = (
				en,
				Base,
			);
			mainGroup = 57ED482F1E9B9B9A00B4D097;
			productRefGroup = 57ED48391E9B9B9A00B4D097 /* Products */;
			projectDirPath = "";
			projectRoot = "";
			targets = (
				57ED48371E9B9B9A00B4D097 /* Boilerplate-data */,
			);
		};
/* End PBXProject section */

/* Begin PBXResourcesBuildPhase section */
		57ED48361E9B9B9A00B4D097 /* Resources */ = {
			isa = PBXResourcesBuildPhase;
			buildActionMask = 2147483647;
			files = (
				57ED48461E9B9B9A00B4D097 /* LaunchScreen.storyboard in Resources */,
				57ED48431E9B9B9A00B4D097 /* Assets.xcassets in Resources */,
				57ED48621E9B9C5800B4D097 /* loop_icons_16px.ttf in Resources */,
				57ED48411E9B9B9A00B4D097 /* Main.storyboard in Resources */,
				57ED485F1E9B9C5800B4D097 /* rene_bieder_galano_grotesque_medium.otf in Resources */,
				57ED48611E9B9C5800B4D097 /* loop_icons_12px.ttf in Resources */,
				57ED485E1E9B9C5800B4D097 /* rene_bieder_galano_grotesque_bold.otf in Resources */,
				57ED48601E9B9C5800B4D097 /* rene_bieder_galano_grotesque_semibold.otf in Resources */,
			);
			runOnlyForDeploymentPostprocessing = 0;
		};
/* End PBXResourcesBuildPhase section */

/* Begin PBXShellScriptBuildPhase section */
		4A6C70ED20065C4725E7034D /* [CP] Embed Pods Frameworks */ = {
			isa = PBXShellScriptBuildPhase;
			buildActionMask = 2147483647;
			files = (
			);
			inputPaths = (
			);
			name = "[CP] Embed Pods Frameworks";
			outputPaths = (
			);
			runOnlyForDeploymentPostprocessing = 0;
			shellPath = /bin/sh;
			shellScript = "\"${SRCROOT}/Pods/Target Support Files/Pods-Boilerplate-data/Pods-Boilerplate-data-frameworks.sh\"\n";
			showEnvVarsInLog = 0;
		};
		AFB9C2F8DD2CEB500CE0E17B /* [CP] Check Pods Manifest.lock */ = {
			isa = PBXShellScriptBuildPhase;
			buildActionMask = 2147483647;
			files = (
			);
			inputPaths = (
			);
			name = "[CP] Check Pods Manifest.lock";
			outputPaths = (
			);
			runOnlyForDeploymentPostprocessing = 0;
			shellPath = /bin/sh;
			shellScript = "diff \"${PODS_ROOT}/../Podfile.lock\" \"${PODS_ROOT}/Manifest.lock\" > /dev/null\nif [ $? != 0 ] ; then\n    # print error to STDERR\n    echo \"error: The sandbox is not in sync with the Podfile.lock. Run 'pod install' or update your CocoaPods installation.\" >&2\n    exit 1\nfi\n";
			showEnvVarsInLog = 0;
		};
		D5A53FBC0E7C93B2C27B7649 /* [CP] Copy Pods Resources */ = {
			isa = PBXShellScriptBuildPhase;
			buildActionMask = 2147483647;
			files = (
			);
			inputPaths = (
			);
			name = "[CP] Copy Pods Resources";
			outputPaths = (
			);
			runOnlyForDeploymentPostprocessing = 0;
			shellPath = /bin/sh;
			shellScript = "\"${SRCROOT}/Pods/Target Support Files/Pods-Boilerplate-data/Pods-Boilerplate-data-resources.sh\"\n";
			showEnvVarsInLog = 0;
		};
/* End PBXShellScriptBuildPhase section */

/* Begin PBXSourcesBuildPhase section */
		57ED48341E9B9B9A00B4D097 /* Sources */ = {
			isa = PBXSourcesBuildPhase;
			buildActionMask = 2147483647;
			files = (
				57ED483E1E9B9B9A00B4D097 /* AddToDoViewController.swift in Sources */,
				57ED48651E9BB72600B4D097 /* SpanButton.swift in Sources */,
				57ED48541E9B9C3F00B4D097 /* WeColors.swift in Sources */,
				57ED48521E9B9C3F00B4D097 /* WeTextField.swift in Sources */,
				57ED48531E9B9C3F00B4D097 /* WeFonts.swift in Sources */,
				57ED483C1E9B9B9A00B4D097 /* AppDelegate.swift in Sources */,
				57ED48551E9B9C3F00B4D097 /* WeColorButton.swift in Sources */,
				57ED48671E9BBD2A00B4D097 /* ToDoListViewController.swift in Sources */,
				57ED48561E9B9C3F00B4D097 /* WeIcons.swift in Sources */,
			);
			runOnlyForDeploymentPostprocessing = 0;
		};
/* End PBXSourcesBuildPhase section */

/* Begin PBXVariantGroup section */
		57ED483F1E9B9B9A00B4D097 /* Main.storyboard */ = {
			isa = PBXVariantGroup;
			children = (
				57ED48401E9B9B9A00B4D097 /* Base */,
			);
			name = Main.storyboard;
			sourceTree = "<group>";
		};
		57ED48441E9B9B9A00B4D097 /* LaunchScreen.storyboard */ = {
			isa = PBXVariantGroup;
			children = (
				57ED48451E9B9B9A00B4D097 /* Base */,
			);
			name = LaunchScreen.storyboard;
			sourceTree = "<group>";
		};
/* End PBXVariantGroup section */

/* Begin XCBuildConfiguration section */
		57ED48481E9B9B9A00B4D097 /* Debug */ = {
			isa = XCBuildConfiguration;
			buildSettings = {
				ALWAYS_SEARCH_USER_PATHS = NO;
				CLANG_ANALYZER_NONNULL = YES;
				CLANG_ANALYZER_NUMBER_OBJECT_CONVERSION = YES_AGGRESSIVE;
				CLANG_CXX_LANGUAGE_STANDARD = "gnu++0x";
				CLANG_CXX_LIBRARY = "libc++";
				CLANG_ENABLE_MODULES = YES;
				CLANG_ENABLE_OBJC_ARC = YES;
				CLANG_WARN_BOOL_CONVERSION = YES;
				CLANG_WARN_CONSTANT_CONVERSION = YES;
				CLANG_WARN_DIRECT_OBJC_ISA_USAGE = YES_ERROR;
				CLANG_WARN_DOCUMENTATION_COMMENTS = YES;
				CLANG_WARN_EMPTY_BODY = YES;
				CLANG_WARN_ENUM_CONVERSION = YES;
				CLANG_WARN_INFINITE_RECURSION = YES;
				CLANG_WARN_INT_CONVERSION = YES;
				CLANG_WARN_OBJC_ROOT_CLASS = YES_ERROR;
				CLANG_WARN_SUSPICIOUS_MOVE = YES;
				CLANG_WARN_UNREACHABLE_CODE = YES;
				CLANG_WARN__DUPLICATE_METHOD_MATCH = YES;
				"CODE_SIGN_IDENTITY[sdk=iphoneos*]" = "iPhone Developer";
				COPY_PHASE_STRIP = NO;
				DEBUG_INFORMATION_FORMAT = dwarf;
				ENABLE_STRICT_OBJC_MSGSEND = YES;
				ENABLE_TESTABILITY = YES;
				GCC_C_LANGUAGE_STANDARD = gnu99;
				GCC_DYNAMIC_NO_PIC = NO;
				GCC_NO_COMMON_BLOCKS = YES;
				GCC_OPTIMIZATION_LEVEL = 0;
				GCC_PREPROCESSOR_DEFINITIONS = (
					"DEBUG=1",
					"$(inherited)",
				);
				GCC_WARN_64_TO_32_BIT_CONVERSION = YES;
				GCC_WARN_ABOUT_RETURN_TYPE = YES_ERROR;
				GCC_WARN_UNDECLARED_SELECTOR = YES;
				GCC_WARN_UNINITIALIZED_AUTOS = YES_AGGRESSIVE;
				GCC_WARN_UNUSED_FUNCTION = YES;
				GCC_WARN_UNUSED_VARIABLE = YES;
				IPHONEOS_DEPLOYMENT_TARGET = 10.3;
				MTL_ENABLE_DEBUG_INFO = YES;
				ONLY_ACTIVE_ARCH = YES;
				SDKROOT = iphoneos;
				SWIFT_ACTIVE_COMPILATION_CONDITIONS = DEBUG;
				SWIFT_OPTIMIZATION_LEVEL = "-Onone";
			};
			name = Debug;
		};
		57ED48491E9B9B9A00B4D097 /* Release */ = {
			isa = XCBuildConfiguration;
			buildSettings = {
				ALWAYS_SEARCH_USER_PATHS = NO;
				CLANG_ANALYZER_NONNULL = YES;
				CLANG_ANALYZER_NUMBER_OBJECT_CONVERSION = YES_AGGRESSIVE;
				CLANG_CXX_LANGUAGE_STANDARD = "gnu++0x";
				CLANG_CXX_LIBRARY = "libc++";
				CLANG_ENABLE_MODULES = YES;
				CLANG_ENABLE_OBJC_ARC = YES;
				CLANG_WARN_BOOL_CONVERSION = YES;
				CLANG_WARN_CONSTANT_CONVERSION = YES;
				CLANG_WARN_DIRECT_OBJC_ISA_USAGE = YES_ERROR;
				CLANG_WARN_DOCUMENTATION_COMMENTS = YES;
				CLANG_WARN_EMPTY_BODY = YES;
				CLANG_WARN_ENUM_CONVERSION = YES;
				CLANG_WARN_INFINITE_RECURSION = YES;
				CLANG_WARN_INT_CONVERSION = YES;
				CLANG_WARN_OBJC_ROOT_CLASS = YES_ERROR;
				CLANG_WARN_SUSPICIOUS_MOVE = YES;
				CLANG_WARN_UNREACHABLE_CODE = YES;
				CLANG_WARN__DUPLICATE_METHOD_MATCH = YES;
				"CODE_SIGN_IDENTITY[sdk=iphoneos*]" = "iPhone Developer";
				COPY_PHASE_STRIP = NO;
				DEBUG_INFORMATION_FORMAT = "dwarf-with-dsym";
				ENABLE_NS_ASSERTIONS = NO;
				ENABLE_STRICT_OBJC_MSGSEND = YES;
				GCC_C_LANGUAGE_STANDARD = gnu99;
				GCC_NO_COMMON_BLOCKS = YES;
				GCC_WARN_64_TO_32_BIT_CONVERSION = YES;
				GCC_WARN_ABOUT_RETURN_TYPE = YES_ERROR;
				GCC_WARN_UNDECLARED_SELECTOR = YES;
				GCC_WARN_UNINITIALIZED_AUTOS = YES_AGGRESSIVE;
				GCC_WARN_UNUSED_FUNCTION = YES;
				GCC_WARN_UNUSED_VARIABLE = YES;
				IPHONEOS_DEPLOYMENT_TARGET = 10.3;
				MTL_ENABLE_DEBUG_INFO = NO;
				SDKROOT = iphoneos;
				SWIFT_OPTIMIZATION_LEVEL = "-Owholemodule";
				VALIDATE_PRODUCT = YES;
			};
			name = Release;
		};
		57ED484B1E9B9B9A00B4D097 /* Debug */ = {
			isa = XCBuildConfiguration;
			baseConfigurationReference = CD8DFC1E3B275F0CB8DE8113 /* Pods-Boilerplate-data.debug.xcconfig */;
			buildSettings = {
				ASSETCATALOG_COMPILER_APPICON_NAME = AppIcon;
				INFOPLIST_FILE = "Boilerplate-data/Info.plist";
				LD_RUNPATH_SEARCH_PATHS = "$(inherited) @executable_path/Frameworks";
				PRODUCT_BUNDLE_IDENTIFIER = "com.liferay.Boilerplate-data";
				PRODUCT_NAME = "$(TARGET_NAME)";
				SWIFT_VERSION = 3.0;
			};
			name = Debug;
		};
		57ED484C1E9B9B9A00B4D097 /* Release */ = {
			isa = XCBuildConfiguration;
			baseConfigurationReference = 9D2C6E29BDF8F77B8ED1D287 /* Pods-Boilerplate-data.release.xcconfig */;
			buildSettings = {
				ASSETCATALOG_COMPILER_APPICON_NAME = AppIcon;
				INFOPLIST_FILE = "Boilerplate-data/Info.plist";
				LD_RUNPATH_SEARCH_PATHS = "$(inherited) @executable_path/Frameworks";
				PRODUCT_BUNDLE_IDENTIFIER = "com.liferay.Boilerplate-data";
				PRODUCT_NAME = "$(TARGET_NAME)";
				SWIFT_VERSION = 3.0;
			};
			name = Release;
		};
/* End XCBuildConfiguration section */

/* Begin XCConfigurationList section */
		57ED48331E9B9B9A00B4D097 /* Build configuration list for PBXProject "Boilerplate-data" */ = {
			isa = XCConfigurationList;
			buildConfigurations = (
				57ED48481E9B9B9A00B4D097 /* Debug */,
				57ED48491E9B9B9A00B4D097 /* Release */,
			);
			defaultConfigurationIsVisible = 0;
			defaultConfigurationName = Release;
		};
		57ED484A1E9B9B9A00B4D097 /* Build configuration list for PBXNativeTarget "Boilerplate-data" */ = {
			isa = XCConfigurationList;
			buildConfigurations = (
				57ED484B1E9B9B9A00B4D097 /* Debug */,
				57ED484C1E9B9B9A00B4D097 /* Release */,
			);
			defaultConfigurationIsVisible = 0;
			defaultConfigurationName = Release;
		};
/* End XCConfigurationList section */
	};
	rootObject = 57ED48301E9B9B9A00B4D097 /* Project object */;
}
